
Microsoft Visual Studio Solution File, Format Version 12.00
# Visual Studio 15
VisualStudioVersion = 15.0.27703.2042
MinimumVisualStudioVersion = 10.0.40219.1
Project("{9A19103F-16F7-4668-BE54-9A1E7A4F7556}") = "Pharmacy", "Pharmacy\Pharmacy.csproj", "{9FD4C897-2B15-4B9D-A7D5-3EF36DD4709A}"
EndProject
Global
	GlobalSection(SolutionConfigurationPlatforms) = preSolution
		Debug|Any CPU = Debug|Any CPU
		Release|Any CPU = Release|Any CPU
	EndGlobalSection
	GlobalSection(ProjectConfigurationPlatforms) = postSolution
		{9FD4C897-2B15-4B9D-A7D5-3EF36DD4709A}.Debug|Any CPU.ActiveCfg = Debug|Any CPU
		{9FD4C897-2B15-4B9D-A7D5-3EF36DD4709A}.Debug|Any CPU.Build.0 = Debug|Any CPU
		{9FD4C897-2B15-4B9D-A7D5-3EF36DD4709A}.Release|Any CPU.ActiveCfg = Release|Any CPU
		{9FD4C897-2B15-4B9D-A7D5-3EF36DD4709A}.Release|Any CPU.Build.0 = Release|Any CPU
	EndGlobalSection
	GlobalSection(SolutionProperties) = preSolution
		HideSolutionNode = FALSE
	EndGlobalSection
	GlobalSection(ExtensibilityGlobals) = postSolution
		SolutionGuid = {CC897CA4-50A6-416C-B128-7F11030B6B47}
	EndGlobalSection
EndGlobal
